
Microsoft Visual Studio Solution File, Format Version 12.00
# Visual Studio 14
VisualStudioVersion = 14.0.25420.1
MinimumVisualStudioVersion = 10.0.40219.1
Project("{FAE04EC0-301F-11D3-BF4B-00C04F79EFBC}") = "hangManGame", "hangManGame\hangManGame.csproj", "{0386C886-C524-44CC-AA2A-00B197AFD146}"
EndProject
Global
	GlobalSection(SolutionConfigurationPlatforms) = preSolution
		Debug|Any CPU = Debug|Any CPU
		Release|Any CPU = Release|Any CPU
	EndGlobalSection
	GlobalSection(ProjectConfigurationPlatforms) = postSolution
		{0386C886-C524-44CC-AA2A-00B197AFD146}.Debug|Any CPU.ActiveCfg = Debug|Any CPU
		{0386C886-C524-44CC-AA2A-00B197AFD146}.Debug|Any CPU.Build.0 = Debug|Any CPU
		{0386C886-C524-44CC-AA2A-00B197AFD146}.Release|Any CPU.ActiveCfg = Release|Any CPU
		{0386C886-C524-44CC-AA2A-00B197AFD146}.Release|Any CPU.Build.0 = Release|Any CPU
	EndGlobalSection
	GlobalSection(SolutionProperties) = preSolution
		HideSolutionNode = FALSE
	EndGlobalSection
EndGlobal
